// !$*UTF8*$!
{
	archiveVersion = 1;
	classes = {
	};
	objectVersion = 46;
	objects = {

/* Begin PBXBuildFile section */
		EB309CC71B954B6F004F2DBF /* main.m in Sources */ = {isa = PBXBuildFile; fileRef = EB309CC61B954B6F004F2DBF /* main.m */; };
		EB309CCA1B954B6F004F2DBF /* AppDelegate.m in Sources */ = {isa = PBXBuildFile; fileRef = EB309CC91B954B6F004F2DBF /* AppDelegate.m */; };
		EB309CD01B954B6F004F2DBF /* Main.storyboard in Resources */ = {isa = PBXBuildFile; fileRef = EB309CCE1B954B6F004F2DBF /* Main.storyboard */; };
		EB309CD21B954B6F004F2DBF /* Images.xcassets in Resources */ = {isa = PBXBuildFile; fileRef = EB309CD11B954B6F004F2DBF /* Images.xcassets */; };
		EB309CD51B954B6F004F2DBF /* LaunchScreen.xib in Resources */ = {isa = PBXBuildFile; fileRef = EB309CD31B954B6F004F2DBF /* LaunchScreen.xib */; };
		EB309CE11B954B6F004F2DBF /* autolayoutTests.m in Sources */ = {isa = PBXBuildFile; fileRef = EB309CE01B954B6F004F2DBF /* autolayoutTests.m */; };
		EB309CEC1B95518C004F2DBF /* CustomController.m in Sources */ = {isa = PBXBuildFile; fileRef = EB309CEB1B95518C004F2DBF /* CustomController.m */; };
		EB309CEF1B955271004F2DBF /* CustomCell.m in Sources */ = {isa = PBXBuildFile; fileRef = EB309CEE1B955271004F2DBF /* CustomCell.m */; };
		EB309CF21B955595004F2DBF /* CustomModel.m in Sources */ = {isa = PBXBuildFile; fileRef = EB309CF11B955595004F2DBF /* CustomModel.m */; };
		EB309CF41B95A1EB004F2DBF /* life.png in Resources */ = {isa = PBXBuildFile; fileRef = EB309CF31B95A1EB004F2DBF /* life.png */; };
		EB309CF61B95B11E004F2DBF /* luffy.jpg in Resources */ = {isa = PBXBuildFile; fileRef = EB309CF51B95B11E004F2DBF /* luffy.jpg */; };
		EB309CF81B95B257004F2DBF /* boat.jpg in Resources */ = {isa = PBXBuildFile; fileRef = EB309CF71B95B257004F2DBF /* boat.jpg */; };
		EB309CFA1B95B2D0004F2DBF /* doge.png in Resources */ = {isa = PBXBuildFile; fileRef = EB309CF91B95B2D0004F2DBF /* doge.png */; };
		EBD4485B1B96902F00D778B5 /* UITableView+FDTemplateLayoutCell.m in Sources */ = {isa = PBXBuildFile; fileRef = EBD4485A1B96902F00D778B5 /* UITableView+FDTemplateLayoutCell.m */; };
		EBD4485E1B96CFA200D778B5 /* NSLayoutConstraintsController.m in Sources */ = {isa = PBXBuildFile; fileRef = EBD4485D1B96CFA200D778B5 /* NSLayoutConstraintsController.m */; };
/* End PBXBuildFile section */

/* Begin PBXContainerItemProxy section */
		EB309CDB1B954B6F004F2DBF /* PBXContainerItemProxy */ = {
			isa = PBXContainerItemProxy;
			containerPortal = EB309CB91B954B6F004F2DBF /* Project object */;
			proxyType = 1;
			remoteGlobalIDString = EB309CC01B954B6F004F2DBF;
			remoteInfo = autolayout;
		};
/* End PBXContainerItemProxy section */

/* Begin PBXFileReference section */
		EB309CC11B954B6F004F2DBF /* autolayout.app */ = {isa = PBXFileReference; explicitFileType = wrapper.application; includeInIndex = 0; path = autolayout.app; sourceTree = BUILT_PRODUCTS_DIR; };
		EB309CC51B954B6F004F2DBF /* Info.plist */ = {isa = PBXFileReference; lastKnownFileType = text.plist.xml; path = Info.plist; sourceTree = "<group>"; };
		EB309CC61B954B6F004F2DBF /* main.m */ = {isa = PBXFileReference; lastKnownFileType = sourcecode.c.objc; path = main.m; sourceTree = "<group>"; };
		EB309CC81B954B6F004F2DBF /* AppDelegate.h */ = {isa = PBXFileReference; lastKnownFileType = sourcecode.c.h; path = AppDelegate.h; sourceTree = "<group>"; };
		EB309CC91B954B6F004F2DBF /* AppDelegate.m */ = {isa = PBXFileReference; lastKnownFileType = sourcecode.c.objc; path = AppDelegate.m; sourceTree = "<group>"; };
		EB309CCF1B954B6F004F2DBF /* Base */ = {isa = PBXFileReference; lastKnownFileType = file.storyboard; name = Base; path = Base.lproj/Main.storyboard; sourceTree = "<group>"; };
		EB309CD11B954B6F004F2DBF /* Images.xcassets */ = {isa = PBXFileReference; lastKnownFileType = folder.assetcatalog; path = Images.xcassets; sourceTree = "<group>"; };
		EB309CD41B954B6F004F2DBF /* Base */ = {isa = PBXFileReference; lastKnownFileType = file.xib; name = Base; path = Base.lproj/LaunchScreen.xib; sourceTree = "<group>"; };
		EB309CDA1B954B6F004F2DBF /* autolayoutTests.xctest */ = {isa = PBXFileReference; explicitFileType = wrapper.cfbundle; includeInIndex = 0; path = autolayoutTests.xctest; sourceTree = BUILT_PRODUCTS_DIR; };
		EB309CDF1B954B6F004F2DBF /* Info.plist */ = {isa = PBXFileReference; lastKnownFileType = text.plist.xml; path = Info.plist; sourceTree = "<group>"; };
		EB309CE01B954B6F004F2DBF /* autolayoutTests.m */ = {isa = PBXFileReference; lastKnownFileType = sourcecode.c.objc; path = autolayoutTests.m; sourceTree = "<group>"; };
		EB309CEA1B95518C004F2DBF /* CustomController.h */ = {isa = PBXFileReference; fileEncoding = 4; lastKnownFileType = sourcecode.c.h; path = CustomController.h; sourceTree = "<group>"; };
		EB309CEB1B95518C004F2DBF /* CustomController.m */ = {isa = PBXFileReference; fileEncoding = 4; lastKnownFileType = sourcecode.c.objc; path = CustomController.m; sourceTree = "<group>"; };
		EB309CED1B955271004F2DBF /* CustomCell.h */ = {isa = PBXFileReference; fileEncoding = 4; lastKnownFileType = sourcecode.c.h; path = CustomCell.h; sourceTree = "<group>"; };
		EB309CEE1B955271004F2DBF /* CustomCell.m */ = {isa = PBXFileReference; fileEncoding = 4; lastKnownFileType = sourcecode.c.objc; path = CustomCell.m; sourceTree = "<group>"; };
		EB309CF01B955595004F2DBF /* CustomModel.h */ = {isa = PBXFileReference; fileEncoding = 4; lastKnownFileType = sourcecode.c.h; path = CustomModel.h; sourceTree = "<group>"; };
		EB309CF11B955595004F2DBF /* CustomModel.m */ = {isa = PBXFileReference; fileEncoding = 4; lastKnownFileType = sourcecode.c.objc; path = CustomModel.m; sourceTree = "<group>"; };
		EB309CF31B95A1EB004F2DBF /* life.png */ = {isa = PBXFileReference; lastKnownFileType = image.png; path = life.png; sourceTree = "<group>"; };
		EB309CF51B95B11E004F2DBF /* luffy.jpg */ = {isa = PBXFileReference; lastKnownFileType = image.jpeg; path = luffy.jpg; sourceTree = "<group>"; };
		EB309CF71B95B257004F2DBF /* boat.jpg */ = {isa = PBXFileReference; lastKnownFileType = image.jpeg; path = boat.jpg; sourceTree = "<group>"; };
		EB309CF91B95B2D0004F2DBF /* doge.png */ = {isa = PBXFileReference; lastKnownFileType = image.png; path = doge.png; sourceTree = "<group>"; };
		EBD448591B96902F00D778B5 /* UITableView+FDTemplateLayoutCell.h */ = {isa = PBXFileReference; fileEncoding = 4; lastKnownFileType = sourcecode.c.h; path = "UITableView+FDTemplateLayoutCell.h"; sourceTree = "<group>"; };
		EBD4485A1B96902F00D778B5 /* UITableView+FDTemplateLayoutCell.m */ = {isa = PBXFileReference; fileEncoding = 4; lastKnownFileType = sourcecode.c.objc; path = "UITableView+FDTemplateLayoutCell.m"; sourceTree = "<group>"; };
		EBD4485C1B96CFA200D778B5 /* NSLayoutConstraintsController.h */ = {isa = PBXFileReference; fileEncoding = 4; lastKnownFileType = sourcecode.c.h; path = NSLayoutConstraintsController.h; sourceTree = "<group>"; };
		EBD4485D1B96CFA200D778B5 /* NSLayoutConstraintsController.m */ = {isa = PBXFileReference; fileEncoding = 4; lastKnownFileType = sourcecode.c.objc; path = NSLayoutConstraintsController.m; sourceTree = "<group>"; };
/* End PBXFileReference section */

/* Begin PBXFrameworksBuildPhase section */
		EB309CBE1B954B6F004F2DBF /* Frameworks */ = {
			isa = PBXFrameworksBuildPhase;
			buildActionMask = 2147483647;
			files = (
			);
			runOnlyForDeploymentPostprocessing = 0;
		};
		EB309CD71B954B6F004F2DBF /* Frameworks */ = {
			isa = PBXFrameworksBuildPhase;
			buildActionMask = 2147483647;
			files = (
			);
			runOnlyForDeploymentPostprocessing = 0;
		};
/* End PBXFrameworksBuildPhase section */

/* Begin PBXGroup section */
		EB309CB81B954B6F004F2DBF = {
			isa = PBXGroup;
			children = (
				EB309CC31B954B6F004F2DBF /* autolayout */,
				EB309CDD1B954B6F004F2DBF /* autolayoutTests */,
				EB309CC21B954B6F004F2DBF /* Products */,
			);
			sourceTree = "<group>";
		};
		EB309CC21B954B6F004F2DBF /* Products */ = {
			isa = PBXGroup;
			children = (
				EB309CC11B954B6F004F2DBF /* autolayout.app */,
				EB309CDA1B954B6F004F2DBF /* autolayoutTests.xctest */,
			);
			name = Products;
			sourceTree = "<group>";
		};
		EB309CC31B954B6F004F2DBF /* autolayout */ = {
			isa = PBXGroup;
			children = (
				EB309CC81B954B6F004F2DBF /* AppDelegate.h */,
				EB309CC91B954B6F004F2DBF /* AppDelegate.m */,
				EB309CEA1B95518C004F2DBF /* CustomController.h */,
				EB309CEB1B95518C004F2DBF /* CustomController.m */,
				EB309CED1B955271004F2DBF /* CustomCell.h */,
				EB309CEE1B955271004F2DBF /* CustomCell.m */,
				EB309CF01B955595004F2DBF /* CustomModel.h */,
				EB309CF11B955595004F2DBF /* CustomModel.m */,
				EBD4485C1B96CFA200D778B5 /* NSLayoutConstraintsController.h */,
				EBD4485D1B96CFA200D778B5 /* NSLayoutConstraintsController.m */,
				EB309CF31B95A1EB004F2DBF /* life.png */,
				EB309CF71B95B257004F2DBF /* boat.jpg */,
				EB309CF51B95B11E004F2DBF /* luffy.jpg */,
				EB309CF91B95B2D0004F2DBF /* doge.png */,
				EBD448591B96902F00D778B5 /* UITableView+FDTemplateLayoutCell.h */,
				EBD4485A1B96902F00D778B5 /* UITableView+FDTemplateLayoutCell.m */,
				EB309CCE1B954B6F004F2DBF /* Main.storyboard */,
				EB309CD11B954B6F004F2DBF /* Images.xcassets */,
				EB309CD31B954B6F004F2DBF /* LaunchScreen.xib */,
				EB309CC41B954B6F004F2DBF /* Supporting Files */,
			);
			path = autolayout;
			sourceTree = "<group>";
		};
		EB309CC41B954B6F004F2DBF /* Supporting Files */ = {
			isa = PBXGroup;
			children = (
				EB309CC51B954B6F004F2DBF /* Info.plist */,
				EB309CC61B954B6F004F2DBF /* main.m */,
			);
			name = "Supporting Files";
			sourceTree = "<group>";
		};
		EB309CDD1B954B6F004F2DBF /* autolayoutTests */ = {
			isa = PBXGroup;
			children = (
				EB309CE01B954B6F004F2DBF /* autolayoutTests.m */,
				EB309CDE1B954B6F004F2DBF /* Supporting Files */,
			);
			path = autolayoutTests;
			sourceTree = "<group>";
		};
		EB309CDE1B954B6F004F2DBF /* Supporting Files */ = {
			isa = PBXGroup;
			children = (
				EB309CDF1B954B6F004F2DBF /* Info.plist */,
			);
			name = "Supporting Files";
			sourceTree = "<group>";
		};
/* End PBXGroup section */

/* Begin PBXNativeTarget section */
		EB309CC01B954B6F004F2DBF /* autolayout */ = {
			isa = PBXNativeTarget;
			buildConfigurationList = EB309CE41B954B6F004F2DBF /* Build configuration list for PBXNativeTarget "autolayout" */;
			buildPhases = (
				EB309CBD1B954B6F004F2DBF /* Sources */,
				EB309CBE1B954B6F004F2DBF /* Frameworks */,
				EB309CBF1B954B6F004F2DBF /* Resources */,
			);
			buildRules = (
			);
			dependencies = (
			);
			name = autolayout;
			productName = autolayout;
			productReference = EB309CC11B954B6F004F2DBF /* autolayout.app */;
			productType = "com.apple.product-type.application";
		};
		EB309CD91B954B6F004F2DBF /* autolayoutTests */ = {
			isa = PBXNativeTarget;
			buildConfigurationList = EB309CE71B954B6F004F2DBF /* Build configuration list for PBXNativeTarget "autolayoutTests" */;
			buildPhases = (
				EB309CD61B954B6F004F2DBF /* Sources */,
				EB309CD71B954B6F004F2DBF /* Frameworks */,
				EB309CD81B954B6F004F2DBF /* Resources */,
			);
			buildRules = (
			);
			dependencies = (
				EB309CDC1B954B6F004F2DBF /* PBXTargetDependency */,
			);
			name = autolayoutTests;
			productName = autolayoutTests;
			productReference = EB309CDA1B954B6F004F2DBF /* autolayoutTests.xctest */;
			productType = "com.apple.product-type.bundle.unit-test";
		};
/* End PBXNativeTarget section */

/* Begin PBXProject section */
		EB309CB91B954B6F004F2DBF /* Project object */ = {
			isa = PBXProject;
			attributes = {
				LastUpgradeCheck = 0630;
				ORGANIZATIONNAME = nododo;
				TargetAttributes = {
					EB309CC01B954B6F004F2DBF = {
						CreatedOnToolsVersion = 6.3.1;
					};
					EB309CD91B954B6F004F2DBF = {
						CreatedOnToolsVersion = 6.3.1;
						TestTargetID = EB309CC01B954B6F004F2DBF;
					};
				};
			};
			buildConfigurationList = EB309CBC1B954B6F004F2DBF /* Build configuration list for PBXProject "autolayout" */;
			compatibilityVersion = "Xcode 3.2";
			developmentRegion = English;
			hasScannedForEncodings = 0;
			knownRegions = (
				en,
				Base,
			);
			mainGroup = EB309CB81B954B6F004F2DBF;
			productRefGroup = EB309CC21B954B6F004F2DBF /* Products */;
			projectDirPath = "";
			projectRoot = "";
			targets = (
				EB309CC01B954B6F004F2DBF /* autolayout */,
				EB309CD91B954B6F004F2DBF /* autolayoutTests */,
			);
		};
/* End PBXProject section */

/* Begin PBXResourcesBuildPhase section */
		EB309CBF1B954B6F004F2DBF /* Resources */ = {
			isa = PBXResourcesBuildPhase;
			buildActionMask = 2147483647;
			files = (
				EB309CD01B954B6F004F2DBF /* Main.storyboard in Resources */,
				EB309CF81B95B257004F2DBF /* boat.jpg in Resources */,
				EB309CD51B954B6F004F2DBF /* LaunchScreen.xib in Resources */,
				EB309CFA1B95B2D0004F2DBF /* doge.png in Resources */,
				EB309CD21B954B6F004F2DBF /* Images.xcassets in Resources */,
				EB309CF41B95A1EB004F2DBF /* life.png in Resources */,
				EB309CF61B95B11E004F2DBF /* luffy.jpg in Resources */,
			);
			runOnlyForDeploymentPostprocessing = 0;
		};
		EB309CD81B954B6F004F2DBF /* Resources */ = {
			isa = PBXResourcesBuildPhase;
			buildActionMask = 2147483647;
			files = (
			);
			runOnlyForDeploymentPostprocessing = 0;
		};
/* End PBXResourcesBuildPhase section */

/* Begin PBXSourcesBuildPhase section */
		EB309CBD1B954B6F004F2DBF /* Sources */ = {
			isa = PBXSourcesBuildPhase;
			buildActionMask = 2147483647;
			files = (
				EB309CF21B955595004F2DBF /* CustomModel.m in Sources */,
				EB309CCA1B954B6F004F2DBF /* AppDelegate.m in Sources */,
				EB309CC71B954B6F004F2DBF /* main.m in Sources */,
				EBD4485B1B96902F00D778B5 /* UITableView+FDTemplateLayoutCell.m in Sources */,
				EB309CEF1B955271004F2DBF /* CustomCell.m in Sources */,
				EBD4485E1B96CFA200D778B5 /* NSLayoutConstraintsController.m in Sources */,
				EB309CEC1B95518C004F2DBF /* CustomController.m in Sources */,
			);
			runOnlyForDeploymentPostprocessing = 0;
		};
		EB309CD61B954B6F004F2DBF /* Sources */ = {
			isa = PBXSourcesBuildPhase;
			buildActionMask = 2147483647;
			files = (
				EB309CE11B954B6F004F2DBF /* autolayoutTests.m in Sources */,
			);
			runOnlyForDeploymentPostprocessing = 0;
		};
/* End PBXSourcesBuildPhase section */

/* Begin PBXTargetDependency section */
		EB309CDC1B954B6F004F2DBF /* PBXTargetDependency */ = {
			isa = PBXTargetDependency;
			target = EB309CC01B954B6F004F2DBF /* autolayout */;
			targetProxy = EB309CDB1B954B6F004F2DBF /* PBXContainerItemProxy */;
		};
/* End PBXTargetDependency section */

/* Begin PBXVariantGroup section */
		EB309CCE1B954B6F004F2DBF /* Main.storyboard */ = {
			isa = PBXVariantGroup;
			children = (
				EB309CCF1B954B6F004F2DBF /* Base */,
			);
			name = Main.storyboard;
			sourceTree = "<group>";
		};
		EB309CD31B954B6F004F2DBF /* LaunchScreen.xib */ = {
			isa = PBXVariantGroup;
			children = (
				EB309CD41B954B6F004F2DBF /* Base */,
			);
			name = LaunchScreen.xib;
			sourceTree = "<group>";
		};
/* End PBXVariantGroup section */

/* Begin XCBuildConfiguration section */
		EB309CE21B954B6F004F2DBF /* Debug */ = {
			isa = XCBuildConfiguration;
			buildSettings = {
				ALWAYS_SEARCH_USER_PATHS = NO;
				CLANG_CXX_LANGUAGE_STANDARD = "gnu++0x";
				CLANG_CXX_LIBRARY = "libc++";
				CLANG_ENABLE_MODULES = YES;
				CLANG_ENABLE_OBJC_ARC = YES;
				CLANG_WARN_BOOL_CONVERSION = YES;
				CLANG_WARN_CONSTANT_CONVERSION = YES;
				CLANG_WARN_DIRECT_OBJC_ISA_USAGE = YES_ERROR;
				CLANG_WARN_EMPTY_BODY = YES;
				CLANG_WARN_ENUM_CONVERSION = YES;
				CLANG_WARN_INT_CONVERSION = YES;
				CLANG_WARN_OBJC_ROOT_CLASS = YES_ERROR;
				CLANG_WARN_UNREACHABLE_CODE = YES;
				CLANG_WARN__DUPLICATE_METHOD_MATCH = YES;
				"CODE_SIGN_IDENTITY[sdk=iphoneos*]" = "iPhone Developer";
				COPY_PHASE_STRIP = NO;
				DEBUG_INFORMATION_FORMAT = "dwarf-with-dsym";
				ENABLE_STRICT_OBJC_MSGSEND = YES;
				GCC_C_LANGUAGE_STANDARD = gnu99;
				GCC_DYNAMIC_NO_PIC = NO;
				GCC_NO_COMMON_BLOCKS = YES;
				GCC_OPTIMIZATION_LEVEL = 0;
				GCC_PREPROCESSOR_DEFINITIONS = (
					"DEBUG=1",
					"$(inherited)",
				);
				GCC_SYMBOLS_PRIVATE_EXTERN = NO;
				GCC_WARN_64_TO_32_BIT_CONVERSION = YES;
				GCC_WARN_ABOUT_RETURN_TYPE = YES_ERROR;
				GCC_WARN_UNDECLARED_SELECTOR = YES;
				GCC_WARN_UNINITIALIZED_AUTOS = YES_AGGRESSIVE;
				GCC_WARN_UNUSED_FUNCTION = YES;
				GCC_WARN_UNUSED_VARIABLE = YES;
				IPHONEOS_DEPLOYMENT_TARGET = 8.3;
				MTL_ENABLE_DEBUG_INFO = YES;
				ONLY_ACTIVE_ARCH = YES;
				SDKROOT = iphoneos;
			};
			name = Debug;
		};
		EB309CE31B954B6F004F2DBF /* Release */ = {
			isa = XCBuildConfiguration;
			buildSettings = {
				ALWAYS_SEARCH_USER_PATHS = NO;
				CLANG_CXX_LANGUAGE_STANDARD = "gnu++0x";
				CLANG_CXX_LIBRARY = "libc++";
				CLANG_ENABLE_MODULES = YES;
				CLANG_ENABLE_OBJC_ARC = YES;
				CLANG_WARN_BOOL_CONVERSION = YES;
				CLANG_WARN_CONSTANT_CONVERSION = YES;
				CLANG_WARN_DIRECT_OBJC_ISA_USAGE = YES_ERROR;
				CLANG_WARN_EMPTY_BODY = YES;
				CLANG_WARN_ENUM_CONVERSION = YES;
				CLANG_WARN_INT_CONVERSION = YES;
				CLANG_WARN_OBJC_ROOT_CLASS = YES_ERROR;
				CLANG_WARN_UNREACHABLE_CODE = YES;
				CLANG_WARN__DUPLICATE_METHOD_MATCH = YES;
				"CODE_SIGN_IDENTITY[sdk=iphoneos*]" = "iPhone Developer";
				COPY_PHASE_STRIP = NO;
				DEBUG_INFORMATION_FORMAT = "dwarf-with-dsym";
				ENABLE_NS_ASSERTIONS = NO;
				ENABLE_STRICT_OBJC_MSGSEND = YES;
				GCC_C_LANGUAGE_STANDARD = gnu99;
				GCC_NO_COMMON_BLOCKS = YES;
				GCC_WARN_64_TO_32_BIT_CONVERSION = YES;
				GCC_WARN_ABOUT_RETURN_TYPE = YES_ERROR;
				GCC_WARN_UNDECLARED_SELECTOR = YES;
				GCC_WARN_UNINITIALIZED_AUTOS = YES_AGGRESSIVE;
				GCC_WARN_UNUSED_FUNCTION = YES;
				GCC_WARN_UNUSED_VARIABLE = YES;
				IPHONEOS_DEPLOYMENT_TARGET = 8.3;
				MTL_ENABLE_DEBUG_INFO = NO;
				SDKROOT = iphoneos;
				VALIDATE_PRODUCT = YES;
			};
			name = Release;
		};
		EB309CE51B954B6F004F2DBF /* Debug */ = {
			isa = XCBuildConfiguration;
			buildSettings = {
				ASSETCATALOG_COMPILER_APPICON_NAME = AppIcon;
				INFOPLIST_FILE = autolayout/Info.plist;
				IPHONEOS_DEPLOYMENT_TARGET = 8.3;
				LD_RUNPATH_SEARCH_PATHS = "$(inherited) @executable_path/Frameworks";
				PRODUCT_NAME = "$(TARGET_NAME)";
			};
			name = Debug;
		};
		EB309CE61B954B6F004F2DBF /* Release */ = {
			isa = XCBuildConfiguration;
			buildSettings = {
				ASSETCATALOG_COMPILER_APPICON_NAME = AppIcon;
				INFOPLIST_FILE = autolayout/Info.plist;
				IPHONEOS_DEPLOYMENT_TARGET = 8.3;
				LD_RUNPATH_SEARCH_PATHS = "$(inherited) @executable_path/Frameworks";
				PRODUCT_NAME = "$(TARGET_NAME)";
			};
			name = Release;
		};
		EB309CE81B954B6F004F2DBF /* Debug */ = {
			isa = XCBuildConfiguration;
			buildSettings = {
				BUNDLE_LOADER = "$(TEST_HOST)";
				FRAMEWORK_SEARCH_PATHS = (
					"$(SDKROOT)/Developer/Library/Frameworks",
					"$(inherited)",
				);
				GCC_PREPROCESSOR_DEFINITIONS = (
					"DEBUG=1",
					"$(inherited)",
				);
				INFOPLIST_FILE = autolayoutTests/Info.plist;
				LD_RUNPATH_SEARCH_PATHS = "$(inherited) @executable_path/Frameworks @loader_path/Frameworks";
				PRODUCT_NAME = "$(TARGET_NAME)";
				TEST_HOST = "$(BUILT_PRODUCTS_DIR)/autolayout.app/autolayout";
			};
			name = Debug;
		};
		EB309CE91B954B6F004F2DBF /* Release */ = {
			isa = XCBuildConfiguration;
			buildSettings = {
				BUNDLE_LOADER = "$(TEST_HOST)";
				FRAMEWORK_SEARCH_PATHS = (
					"$(SDKROOT)/Developer/Library/Frameworks",
					"$(inherited)",
				);
				INFOPLIST_FILE = autolayoutTests/Info.plist;
				LD_RUNPATH_SEARCH_PATHS = "$(inherited) @executable_path/Frameworks @loader_path/Frameworks";
				PRODUCT_NAME = "$(TARGET_NAME)";
				TEST_HOST = "$(BUILT_PRODUCTS_DIR)/autolayout.app/autolayout";
			};
			name = Release;
		};
/* End XCBuildConfiguration section */

/* Begin XCConfigurationList section */
		EB309CBC1B954B6F004F2DBF /* Build configuration list for PBXProject "autolayout" */ = {
			isa = XCConfigurationList;
			buildConfigurations = (
				EB309CE21B954B6F004F2DBF /* Debug */,
				EB309CE31B954B6F004F2DBF /* Release */,
			);
			defaultConfigurationIsVisible = 0;
			defaultConfigurationName = Release;
		};
		EB309CE41B954B6F004F2DBF /* Build configuration list for PBXNativeTarget "autolayout" */ = {
			isa = XCConfigurationList;
			buildConfigurations = (
				EB309CE51B954B6F004F2DBF /* Debug */,
				EB309CE61B954B6F004F2DBF /* Release */,
			);
			defaultConfigurationIsVisible = 0;
			defaultConfigurationName = Release;
		};
		EB309CE71B954B6F004F2DBF /* Build configuration list for PBXNativeTarget "autolayoutTests" */ = {
			isa = XCConfigurationList;
			buildConfigurations = (
				EB309CE81B954B6F004F2DBF /* Debug */,
				EB309CE91B954B6F004F2DBF /* Release */,
			);
			defaultConfigurationIsVisible = 0;
			defaultConfigurationName = Release;
		};
/* End XCConfigurationList section */
	};
	rootObject = EB309CB91B954B6F004F2DBF /* Project object */;
}
